
Microsoft Visual Studio Solution File, Format Version 12.00
# Visual Studio Version 16
VisualStudioVersion = 16.0.32228.343
MinimumVisualStudioVersion = 10.0.40219.1
Project("{888888A0-9F3D-457C-B088-3A5042F75D52}") = "Exercicio1_FizzBuzz", "Exercicio1_FizzBuzz.pyproj", "{6FE39D67-12C7-4A0F-ADFE-F18032E1549B}"
EndProject
Global
	GlobalSection(SolutionConfigurationPlatforms) = preSolution
		Debug|Any CPU = Debug|Any CPU
		Release|Any CPU = Release|Any CPU
	EndGlobalSection
	GlobalSection(ProjectConfigurationPlatforms) = postSolution
		{6FE39D67-12C7-4A0F-ADFE-F18032E1549B}.Debug|Any CPU.ActiveCfg = Debug|Any CPU
		{6FE39D67-12C7-4A0F-ADFE-F18032E1549B}.Release|Any CPU.ActiveCfg = Release|Any CPU
	EndGlobalSection
	GlobalSection(SolutionProperties) = preSolution
		HideSolutionNode = FALSE
	EndGlobalSection
	GlobalSection(ExtensibilityGlobals) = postSolution
		SolutionGuid = {B99A074B-DD2D-4571-86F0-0D0B9241795E}
	EndGlobalSection
EndGlobal
